{
  "nodes": {
    "nixpkgs": {
      "locked": {
        "lastModified": 1790578696,
        "narHash": "sha256-ZoxIApko70jCdbH3l20HWXOBaT2HZd87orzd2yJ9dVE=",
        "owner": "NixOS",
        "repo": "nixpkgs",
        "rev": "7a0f122f5090cf4c2ade2a13a0e229d4e19ba71f",
        "type": "github"
      },
      "original": {
        "owner": "NixOS",
        "repo": "nixpkgs",
        "rev": "7a0f122f5090cf4c2ade2a13a0e229d4e19ba71f",
        "type": "github"
      }
    },
    "project-check": {
      "inputs": {
        "nixpkgs": [
          "nixpkgs"
        ]
      },
      "locked": {
        "lastModified": 1790788690,
        "narHash": "sha256-c4Y5939qiLEg28dALcAXJmyccbjemhkBQ0fR+RZ8Iwg=",
        "owner": "timfewi",
        "repo": "project-check-nix",
        "rev": "f70de45d69b9ca9a31f5b9f94e316ac6e43e514e",
        "type": "github"
      },
      "original": {
        "owner": "timfewi",
        "repo": "project-check-nix",
        "rev": "f70de45d69b9ca9a31f5b9f94e316ac6e43e514e",
        "type": "github"
      }
    },
    "root": {
      "inputs": {
        "nixpkgs": "nixpkgs",
        "project-check": "project-check"
      }
    }
  },
  "root": "root",
  "version": 7
}
